
Microsoft Visual Studio Solution File, Format Version 12.00
# Visual Studio Version 17
VisualStudioVersion = 17.12.35514.174
MinimumVisualStudioVersion = 10.0.40219.1
Project("{FAE04EC0-301F-11D3-BF4B-00C04F79EFBC}") = "Day1", "Day1\src\Day1.csproj", "{07F9CBF1-1A1B-44EE-B5F2-3596265379F1}"
EndProject
Project("{FAE04EC0-301F-11D3-BF4B-00C04F79EFBC}") = "Day1.Tests", "Day1\tests\Day1.Tests.csproj", "{18EFA88D-0C97-474D-BF81-501177514B8D}"
EndProject
Project("{FAE04EC0-301F-11D3-BF4B-00C04F79EFBC}") = "FileParse", "Shared\src\FileParse\FileParse.csproj", "{4FB48797-A10A-4EC4-8DC9-381363791C85}"
EndProject
Project("{FAE04EC0-301F-11D3-BF4B-00C04F79EFBC}") = "FileParse.Tests", "Shared\tests\FileParse.Tests\FileParse.Tests.csproj", "{F3B2BD9B-5F82-44B7-BB7F-D8B00F112292}"
EndProject
Global
	GlobalSection(SolutionConfigurationPlatforms) = preSolution
		Debug|Any CPU = Debug|Any CPU
		Release|Any CPU = Release|Any CPU
	EndGlobalSection
	GlobalSection(ProjectConfigurationPlatforms) = postSolution
		{07F9CBF1-1A1B-44EE-B5F2-3596265379F1}.Debug|Any CPU.ActiveCfg = Debug|Any CPU
		{07F9CBF1-1A1B-44EE-B5F2-3596265379F1}.Debug|Any CPU.Build.0 = Debug|Any CPU
		{07F9CBF1-1A1B-44EE-B5F2-3596265379F1}.Release|Any CPU.ActiveCfg = Release|Any CPU
		{07F9CBF1-1A1B-44EE-B5F2-3596265379F1}.Release|Any CPU.Build.0 = Release|Any CPU
		{18EFA88D-0C97-474D-BF81-501177514B8D}.Debug|Any CPU.ActiveCfg = Debug|Any CPU
		{18EFA88D-0C97-474D-BF81-501177514B8D}.Debug|Any CPU.Build.0 = Debug|Any CPU
		{18EFA88D-0C97-474D-BF81-501177514B8D}.Release|Any CPU.ActiveCfg = Release|Any CPU
		{18EFA88D-0C97-474D-BF81-501177514B8D}.Release|Any CPU.Build.0 = Release|Any CPU
		{4FB48797-A10A-4EC4-8DC9-381363791C85}.Debug|Any CPU.ActiveCfg = Debug|Any CPU
		{4FB48797-A10A-4EC4-8DC9-381363791C85}.Debug|Any CPU.Build.0 = Debug|Any CPU
		{4FB48797-A10A-4EC4-8DC9-381363791C85}.Release|Any CPU.ActiveCfg = Release|Any CPU
		{4FB48797-A10A-4EC4-8DC9-381363791C85}.Release|Any CPU.Build.0 = Release|Any CPU
		{F3B2BD9B-5F82-44B7-BB7F-D8B00F112292}.Debug|Any CPU.ActiveCfg = Debug|Any CPU
		{F3B2BD9B-5F82-44B7-BB7F-D8B00F112292}.Debug|Any CPU.Build.0 = Debug|Any CPU
		{F3B2BD9B-5F82-44B7-BB7F-D8B00F112292}.Release|Any CPU.ActiveCfg = Release|Any CPU
		{F3B2BD9B-5F82-44B7-BB7F-D8B00F112292}.Release|Any CPU.Build.0 = Release|Any CPU
	EndGlobalSection
	GlobalSection(SolutionProperties) = preSolution
		HideSolutionNode = FALSE
	EndGlobalSection
EndGlobal
