
Microsoft Visual Studio Solution File, Format Version 12.00
# Visual Studio Version 17
VisualStudioVersion = 17.12.35514.174
MinimumVisualStudioVersion = 10.0.40219.1
Project("{FAE04EC0-301F-11D3-BF4B-00C04F79EFBC}") = "Day1", "src\Day 1\Day1.csproj", "{93CF9ED2-267C-4FF8-A0A4-8C00FAA1C032}"
EndProject
Project("{FAE04EC0-301F-11D3-BF4B-00C04F79EFBC}") = "Day2", "src\Day 2\Day2.csproj", "{4481A285-4471-4A9F-8E14-8E769D06A9CD}"
EndProject
Project("{FAE04EC0-301F-11D3-BF4B-00C04F79EFBC}") = "FileParse", "src\FileParse\FileParse.csproj", "{EC049E70-A5AC-4E7B-9998-3A3F0E668CD9}"
EndProject
Project("{FAE04EC0-301F-11D3-BF4B-00C04F79EFBC}") = "Day1.Tests", "tests\Day 1\Day1.Tests.csproj", "{F0009B5B-020E-4FF9-AAE7-44F75C740032}"
EndProject
Project("{2150E333-8FDC-42A3-9474-1A3956D46DE8}") = "Day 1", "Day 1", "{CA52E006-E780-4F88-9ED9-65926FB63F20}"
EndProject
Project("{2150E333-8FDC-42A3-9474-1A3956D46DE8}") = "Day 2", "Day 2", "{E0712E51-8653-4775-B50D-01225ADA808B}"
EndProject
Project("{2150E333-8FDC-42A3-9474-1A3956D46DE8}") = "Shared", "Shared", "{64046A5F-1353-4F56-A938-649515C96D41}"
EndProject
Project("{FAE04EC0-301F-11D3-BF4B-00C04F79EFBC}") = "FileParse.Tests", "tests\FileParse.Tests\FileParse.Tests.csproj", "{23F483BE-E15A-48B8-B863-7DD8336DBD39}"
EndProject
Project("{FAE04EC0-301F-11D3-BF4B-00C04F79EFBC}") = "Day2.Tests", "tests\Day 2\Day2.Tests.csproj", "{C60F0D35-2721-4FF6-AAE9-1CD4C2C4CED9}"
EndProject
Project("{2150E333-8FDC-42A3-9474-1A3956D46DE8}") = "Day 3", "Day 3", "{B7A4D240-1AB0-4410-83D9-3400BB144195}"
EndProject
Project("{FAE04EC0-301F-11D3-BF4B-00C04F79EFBC}") = "Day3.Tests", "tests\Day 3\Day3.Tests.csproj", "{59F6C2E4-FAAC-47DA-BD2B-F37A3C39FA24}"
EndProject
Project("{FAE04EC0-301F-11D3-BF4B-00C04F79EFBC}") = "Day3", "src\Day 3\Day3.csproj", "{90A0BB1E-ECA6-4E3B-B811-7980CF422F04}"
EndProject
Global
	GlobalSection(SolutionConfigurationPlatforms) = preSolution
		Debug|Any CPU = Debug|Any CPU
		Release|Any CPU = Release|Any CPU
	EndGlobalSection
	GlobalSection(ProjectConfigurationPlatforms) = postSolution
		{93CF9ED2-267C-4FF8-A0A4-8C00FAA1C032}.Debug|Any CPU.ActiveCfg = Debug|Any CPU
		{93CF9ED2-267C-4FF8-A0A4-8C00FAA1C032}.Debug|Any CPU.Build.0 = Debug|Any CPU
		{93CF9ED2-267C-4FF8-A0A4-8C00FAA1C032}.Release|Any CPU.ActiveCfg = Release|Any CPU
		{93CF9ED2-267C-4FF8-A0A4-8C00FAA1C032}.Release|Any CPU.Build.0 = Release|Any CPU
		{4481A285-4471-4A9F-8E14-8E769D06A9CD}.Debug|Any CPU.ActiveCfg = Debug|Any CPU
		{4481A285-4471-4A9F-8E14-8E769D06A9CD}.Debug|Any CPU.Build.0 = Debug|Any CPU
		{4481A285-4471-4A9F-8E14-8E769D06A9CD}.Release|Any CPU.ActiveCfg = Release|Any CPU
		{4481A285-4471-4A9F-8E14-8E769D06A9CD}.Release|Any CPU.Build.0 = Release|Any CPU
		{EC049E70-A5AC-4E7B-9998-3A3F0E668CD9}.Debug|Any CPU.ActiveCfg = Debug|Any CPU
		{EC049E70-A5AC-4E7B-9998-3A3F0E668CD9}.Debug|Any CPU.Build.0 = Debug|Any CPU
		{EC049E70-A5AC-4E7B-9998-3A3F0E668CD9}.Release|Any CPU.ActiveCfg = Release|Any CPU
		{EC049E70-A5AC-4E7B-9998-3A3F0E668CD9}.Release|Any CPU.Build.0 = Release|Any CPU
		{F0009B5B-020E-4FF9-AAE7-44F75C740032}.Debug|Any CPU.ActiveCfg = Debug|Any CPU
		{F0009B5B-020E-4FF9-AAE7-44F75C740032}.Debug|Any CPU.Build.0 = Debug|Any CPU
		{F0009B5B-020E-4FF9-AAE7-44F75C740032}.Release|Any CPU.ActiveCfg = Release|Any CPU
		{F0009B5B-020E-4FF9-AAE7-44F75C740032}.Release|Any CPU.Build.0 = Release|Any CPU
		{23F483BE-E15A-48B8-B863-7DD8336DBD39}.Debug|Any CPU.ActiveCfg = Debug|Any CPU
		{23F483BE-E15A-48B8-B863-7DD8336DBD39}.Debug|Any CPU.Build.0 = Debug|Any CPU
		{23F483BE-E15A-48B8-B863-7DD8336DBD39}.Release|Any CPU.ActiveCfg = Release|Any CPU
		{23F483BE-E15A-48B8-B863-7DD8336DBD39}.Release|Any CPU.Build.0 = Release|Any CPU
		{C60F0D35-2721-4FF6-AAE9-1CD4C2C4CED9}.Debug|Any CPU.ActiveCfg = Debug|Any CPU
		{C60F0D35-2721-4FF6-AAE9-1CD4C2C4CED9}.Debug|Any CPU.Build.0 = Debug|Any CPU
		{C60F0D35-2721-4FF6-AAE9-1CD4C2C4CED9}.Release|Any CPU.ActiveCfg = Release|Any CPU
		{C60F0D35-2721-4FF6-AAE9-1CD4C2C4CED9}.Release|Any CPU.Build.0 = Release|Any CPU
		{59F6C2E4-FAAC-47DA-BD2B-F37A3C39FA24}.Debug|Any CPU.ActiveCfg = Debug|Any CPU
		{59F6C2E4-FAAC-47DA-BD2B-F37A3C39FA24}.Debug|Any CPU.Build.0 = Debug|Any CPU
		{59F6C2E4-FAAC-47DA-BD2B-F37A3C39FA24}.Release|Any CPU.ActiveCfg = Release|Any CPU
		{59F6C2E4-FAAC-47DA-BD2B-F37A3C39FA24}.Release|Any CPU.Build.0 = Release|Any CPU
		{90A0BB1E-ECA6-4E3B-B811-7980CF422F04}.Debug|Any CPU.ActiveCfg = Debug|Any CPU
		{90A0BB1E-ECA6-4E3B-B811-7980CF422F04}.Debug|Any CPU.Build.0 = Debug|Any CPU
		{90A0BB1E-ECA6-4E3B-B811-7980CF422F04}.Release|Any CPU.ActiveCfg = Release|Any CPU
		{90A0BB1E-ECA6-4E3B-B811-7980CF422F04}.Release|Any CPU.Build.0 = Release|Any CPU
	EndGlobalSection
	GlobalSection(SolutionProperties) = preSolution
		HideSolutionNode = FALSE
	EndGlobalSection
	GlobalSection(NestedProjects) = preSolution
		{93CF9ED2-267C-4FF8-A0A4-8C00FAA1C032} = {CA52E006-E780-4F88-9ED9-65926FB63F20}
		{4481A285-4471-4A9F-8E14-8E769D06A9CD} = {E0712E51-8653-4775-B50D-01225ADA808B}
		{EC049E70-A5AC-4E7B-9998-3A3F0E668CD9} = {64046A5F-1353-4F56-A938-649515C96D41}
		{F0009B5B-020E-4FF9-AAE7-44F75C740032} = {CA52E006-E780-4F88-9ED9-65926FB63F20}
		{23F483BE-E15A-48B8-B863-7DD8336DBD39} = {64046A5F-1353-4F56-A938-649515C96D41}
		{C60F0D35-2721-4FF6-AAE9-1CD4C2C4CED9} = {E0712E51-8653-4775-B50D-01225ADA808B}
		{59F6C2E4-FAAC-47DA-BD2B-F37A3C39FA24} = {B7A4D240-1AB0-4410-83D9-3400BB144195}
		{90A0BB1E-ECA6-4E3B-B811-7980CF422F04} = {B7A4D240-1AB0-4410-83D9-3400BB144195}
	EndGlobalSection
EndGlobal
